
Microsoft Visual Studio Solution File, Format Version 12.00
# Visual Studio Version 17
VisualStudioVersion = 17.7.34202.233
MinimumVisualStudioVersion = 10.0.40219.1
Project("{FAE04EC0-301F-11D3-BF4B-00C04F79EFBC}") = "FactoryMethod", "FactoryMethod\FactoryMethod.csproj", "{D1F6B14E-06AF-4073-AB5E-AB140B3A8FDB}"
EndProject
Project("{FAE04EC0-301F-11D3-BF4B-00C04F79EFBC}") = "AbstractFactory", "AbstractFactory\AbstractFactory.csproj", "{3097C91F-B69A-4256-A11F-2A36E8278022}"
EndProject
Global
	GlobalSection(SolutionConfigurationPlatforms) = preSolution
		Debug|Any CPU = Debug|Any CPU
		Release|Any CPU = Release|Any CPU
	EndGlobalSection
	GlobalSection(ProjectConfigurationPlatforms) = postSolution
		{D1F6B14E-06AF-4073-AB5E-AB140B3A8FDB}.Debug|Any CPU.ActiveCfg = Debug|Any CPU
		{D1F6B14E-06AF-4073-AB5E-AB140B3A8FDB}.Debug|Any CPU.Build.0 = Debug|Any CPU
		{D1F6B14E-06AF-4073-AB5E-AB140B3A8FDB}.Release|Any CPU.ActiveCfg = Release|Any CPU
		{D1F6B14E-06AF-4073-AB5E-AB140B3A8FDB}.Release|Any CPU.Build.0 = Release|Any CPU
		{3097C91F-B69A-4256-A11F-2A36E8278022}.Debug|Any CPU.ActiveCfg = Debug|Any CPU
		{3097C91F-B69A-4256-A11F-2A36E8278022}.Debug|Any CPU.Build.0 = Debug|Any CPU
		{3097C91F-B69A-4256-A11F-2A36E8278022}.Release|Any CPU.ActiveCfg = Release|Any CPU
		{3097C91F-B69A-4256-A11F-2A36E8278022}.Release|Any CPU.Build.0 = Release|Any CPU
	EndGlobalSection
	GlobalSection(SolutionProperties) = preSolution
		HideSolutionNode = FALSE
	EndGlobalSection
	GlobalSection(ExtensibilityGlobals) = postSolution
		SolutionGuid = {0D4B151D-6C2B-499F-A1F2-D08055214425}
	EndGlobalSection
EndGlobal
